
Microsoft Visual Studio Solution File, Format Version 12.00
# Visual Studio Version 17
VisualStudioVersion = 17.11.35303.130
MinimumVisualStudioVersion = 10.0.40219.1
Project("{2150E333-8FDC-42A3-9474-1A3956D46DE8}") = "Task0", "Task0", "{7DEA659A-5C30-4668-89BF-4B3B25F8BD61}"
EndProject
Project("{9A19103F-16F7-4668-BE54-9A1E7A4F7556}") = "Tyuiu.NazarovaKH.Sprint4.Task0.V21", "Tyuiu.NazarovaKH.Sprint4.Task0.V21\Tyuiu.NazarovaKH.Sprint4.Task0.V21.csproj", "{EBD1D46C-9601-4413-8D15-6F5E358719CA}"
EndProject
Project("{9A19103F-16F7-4668-BE54-9A1E7A4F7556}") = "Tyuiu.NazarovaKH.Sprint4.Task0.V21.Lib", "Tyuiu.NazarovaKH.Sprint4.Task0.V21.Lib\Tyuiu.NazarovaKH.Sprint4.Task0.V21.Lib.csproj", "{E6EEA372-B2F7-4732-BC54-043529B9F943}"
EndProject
Project("{9A19103F-16F7-4668-BE54-9A1E7A4F7556}") = "Tyuiu.NazarovaKH.Sprint4.Task0.V21.Test", "Tyuiu.NazarovaKH.Sprint4.Task0.V21.Test\Tyuiu.NazarovaKH.Sprint4.Task0.V21.Test.csproj", "{F20DAE42-E45C-457A-BD1A-DDE055CFC882}"
EndProject
Project("{2150E333-8FDC-42A3-9474-1A3956D46DE8}") = "Task1", "Task1", "{BDA454E5-FEC2-4904-9238-51D3C5884722}"
EndProject
Project("{9A19103F-16F7-4668-BE54-9A1E7A4F7556}") = "Tyuiu.NazarovaKH.Sprint4.Task1.V25", "Tyuiu.NazarovaKH.Sprint4.Task1.V25\Tyuiu.NazarovaKH.Sprint4.Task1.V25.csproj", "{27764433-AF88-4BF7-818C-F54332933987}"
EndProject
Project("{9A19103F-16F7-4668-BE54-9A1E7A4F7556}") = "Tyuiu.NazarovaKH.Sprint4.Task1.V25.Lib", "Tyuiu.NazarovaKH.Sprint4.Task1.V25.Lib\Tyuiu.NazarovaKH.Sprint4.Task1.V25.Lib.csproj", "{641D43C2-75D9-41E5-B285-64FE28C162D9}"
EndProject
Project("{9A19103F-16F7-4668-BE54-9A1E7A4F7556}") = "Tyuiu.NazarovaKH.Sprint4.Task1.V25.Test", "Tyuiu.NazarovaKH.Sprint4.Task1.V25.Test\Tyuiu.NazarovaKH.Sprint4.Task1.V25.Test.csproj", "{2B57F06B-745A-4DE6-B812-CBEB95C4DB28}"
EndProject
Project("{2150E333-8FDC-42A3-9474-1A3956D46DE8}") = "Task2", "Task2", "{8642D3AB-3E86-4D62-B085-5BD95C71DAC5}"
EndProject
Project("{9A19103F-16F7-4668-BE54-9A1E7A4F7556}") = "Tyuiu.NazarovaKH.Sprint4.Task2.V23", "Tyuiu.NazarovaKH.Sprint4.Task2.V23\Tyuiu.NazarovaKH.Sprint4.Task2.V23.csproj", "{5C619E07-CCF8-4CEC-BA00-393AD66740CA}"
EndProject
Project("{9A19103F-16F7-4668-BE54-9A1E7A4F7556}") = "Tyuiu.NazarovaKH.Sprint4.Task2.V23.Lib", "Tyuiu.NazarovaKH.Sprint4.Task2.V23.Lib\Tyuiu.NazarovaKH.Sprint4.Task2.V23.Lib.csproj", "{6705CEED-665E-4381-8495-691ADF0EA3FB}"
EndProject
Project("{9A19103F-16F7-4668-BE54-9A1E7A4F7556}") = "Tyuiu.NazarovaKH.Sprint4.Task2.V23.Test", "Tyuiu.NazarovaKH.Sprint4.Task2.V23.Test\Tyuiu.NazarovaKH.Sprint4.Task2.V23.Test.csproj", "{E7BFE656-39AD-4CC2-B2A2-4861261E9EB4}"
EndProject
Project("{2150E333-8FDC-42A3-9474-1A3956D46DE8}") = "Task3", "Task3", "{C5920F44-907A-4FD8-AE69-349968BCD61C}"
EndProject
Project("{9A19103F-16F7-4668-BE54-9A1E7A4F7556}") = "Tyuiu.NazarovaKH.Sprint4.Task3.V5", "Tyuiu.NazarovaKH.Sprint4.Task3.V5\Tyuiu.NazarovaKH.Sprint4.Task3.V5.csproj", "{FF2F9AB0-BDE6-4C3F-93F6-7B0390DAC2E1}"
EndProject
Project("{9A19103F-16F7-4668-BE54-9A1E7A4F7556}") = "Tyuiu.NazarovaKH.Sprint4.Task3.V5.Lib", "Tyuiu.NazarovaKH.Sprint4.Task3.V5.Lib\Tyuiu.NazarovaKH.Sprint4.Task3.V5.Lib.csproj", "{B0006751-18A8-4597-9835-5068B659AB21}"
EndProject
Project("{9A19103F-16F7-4668-BE54-9A1E7A4F7556}") = "Tyuiu.NazarovaKH.Sprint4.Task3.V5.Test", "Tyuiu.NazarovaKH.Sprint4.Task3.V5.Test\Tyuiu.NazarovaKH.Sprint4.Task3.V5.Test.csproj", "{CAF7EC25-41DC-4DDB-99EE-A202D5D7810D}"
EndProject
Project("{2150E333-8FDC-42A3-9474-1A3956D46DE8}") = "Task4", "Task4", "{6063239F-0768-491E-88A0-FE0021AE4A59}"
EndProject
Project("{FAE04EC0-301F-11D3-BF4B-00C04F79EFBC}") = "Tyuiu.NazarovaKH.Sprint4.Task4.V29", "Tyuiu.NazarovaKH.Sprint4.Task4.V29\Tyuiu.NazarovaKH.Sprint4.Task4.V29.csproj", "{11C7A132-5CC6-446A-98B6-8FB4A94D47FB}"
EndProject
Project("{FAE04EC0-301F-11D3-BF4B-00C04F79EFBC}") = "Tyuiu.NazarovaKH.Sprint4.Task4.V29.Lib", "Tyuiu.NazarovaKH.Sprint4.Task4.V29.Lib\Tyuiu.NazarovaKH.Sprint4.Task4.V29.Lib.csproj", "{471B5B16-AA7F-4D1C-AD29-17B64CFDEF62}"
EndProject
Project("{FAE04EC0-301F-11D3-BF4B-00C04F79EFBC}") = "Tyuiu.NazarovaKH.Sprint4.Task4.V29.Test", "Tyuiu.NazarovaKH.Sprint4.Task4.V29.Test\Tyuiu.NazarovaKH.Sprint4.Task4.V29.Test.csproj", "{10E4020E-1622-4EF8-AF31-5791C6D4AF50}"
EndProject
Project("{2150E333-8FDC-42A3-9474-1A3956D46DE8}") = "Task5", "Task5", "{00B0ECC1-DAD9-46B3-AB45-25A4020906B0}"
EndProject
Project("{FAE04EC0-301F-11D3-BF4B-00C04F79EFBC}") = "Tyuiu.NazarovaKH.Sprint4.Task5.V29", "Tyuiu.NazarovaKH.Sprint4.Task5.V29\Tyuiu.NazarovaKH.Sprint4.Task5.V29.csproj", "{E44BBE67-F451-41F2-9797-7A5AE31C3A72}"
EndProject
Project("{FAE04EC0-301F-11D3-BF4B-00C04F79EFBC}") = "Tyuiu.NazarovaKH.Sprint4.Task5.V29.Lib", "Tyuiu.NazarovaKH.Sprint4.Task5.V29.Lib\Tyuiu.NazarovaKH.Sprint4.Task5.V29.Lib.csproj", "{80FF0375-5A44-4387-9162-ACDBFFB6E0BB}"
EndProject
Project("{FAE04EC0-301F-11D3-BF4B-00C04F79EFBC}") = "Tyuiu.NazarovaKH.Sprint4.Task5.V29.Test", "Tyuiu.NazarovaKH.Sprint4.Task5.V29.Test\Tyuiu.NazarovaKH.Sprint4.Task5.V29.Test.csproj", "{A893797B-E15A-4590-89E2-D18852F02298}"
EndProject
Project("{2150E333-8FDC-42A3-9474-1A3956D46DE8}") = "Task6", "Task6", "{CA4F0577-BE56-4FA6-BBC7-B4F7840AD91C}"
EndProject
Project("{FAE04EC0-301F-11D3-BF4B-00C04F79EFBC}") = "Tyuiu.NazarovaKH.Sprint4.Task6.V21", "Tyuiu.NazarovaKH.Sprint4.Task6.V21\Tyuiu.NazarovaKH.Sprint4.Task6.V21.csproj", "{727BC5F4-8C6E-40FB-BBFA-0F77D7E8A576}"
EndProject
Project("{FAE04EC0-301F-11D3-BF4B-00C04F79EFBC}") = "Tyuiu.NazarovaKH.Sprint4.Task6.V21.Lib", "Tyuiu.NazarovaKH.Sprint4.Task6.V21.Lib\Tyuiu.NazarovaKH.Sprint4.Task6.V21.Lib.csproj", "{D1A66BE7-5C8D-4F5C-8AA6-3C230347D867}"
EndProject
Project("{FAE04EC0-301F-11D3-BF4B-00C04F79EFBC}") = "Tyuiu.NazarovaKH.Sprint4.Task6.V21.Test", "Tyuiu.NazarovaKH.Sprint4.Task6.V21.Test\Tyuiu.NazarovaKH.Sprint4.Task6.V21.Test.csproj", "{D314CE98-B203-4579-89E0-18839A80354A}"
EndProject
Project("{2150E333-8FDC-42A3-9474-1A3956D46DE8}") = "Task7", "Task7", "{B0B2153E-E7E5-4336-A2D3-96CA0982B038}"
EndProject
Project("{FAE04EC0-301F-11D3-BF4B-00C04F79EFBC}") = "Tyuiu.NazarovaKH.Sprint4.Task7.V8", "Tyuiu.NazarovaKH.Sprint4.Task7.V8\Tyuiu.NazarovaKH.Sprint4.Task7.V8.csproj", "{0BF9D704-656C-4659-A3A6-269D2349CA1B}"
EndProject
Project("{FAE04EC0-301F-11D3-BF4B-00C04F79EFBC}") = "Tyuiu.NazarovaKH.Sprint4.Task7.V8.Lib", "Tyuiu.NazarovaKH.Sprint4.Task7.V8.Lib\Tyuiu.NazarovaKH.Sprint4.Task7.V8.Lib.csproj", "{9F25FE83-6A73-48B3-A279-0F7B878E03E5}"
EndProject
Project("{FAE04EC0-301F-11D3-BF4B-00C04F79EFBC}") = "Tyuiu.NazarovaKH.Sprint4.Task7.V8.Test", "Tyuiu.NazarovaKH.Sprint4.Task7.V8.Test\Tyuiu.NazarovaKH.Sprint4.Task7.V8.Test.csproj", "{375FF5C1-942A-4F86-82E5-94A8A4E0D94F}"
EndProject
Global
	GlobalSection(SolutionConfigurationPlatforms) = preSolution
		Debug|Any CPU = Debug|Any CPU
		Release|Any CPU = Release|Any CPU
	EndGlobalSection
	GlobalSection(ProjectConfigurationPlatforms) = postSolution
		{EBD1D46C-9601-4413-8D15-6F5E358719CA}.Debug|Any CPU.ActiveCfg = Debug|Any CPU
		{EBD1D46C-9601-4413-8D15-6F5E358719CA}.Debug|Any CPU.Build.0 = Debug|Any CPU
		{EBD1D46C-9601-4413-8D15-6F5E358719CA}.Release|Any CPU.ActiveCfg = Release|Any CPU
		{EBD1D46C-9601-4413-8D15-6F5E358719CA}.Release|Any CPU.Build.0 = Release|Any CPU
		{E6EEA372-B2F7-4732-BC54-043529B9F943}.Debug|Any CPU.ActiveCfg = Debug|Any CPU
		{E6EEA372-B2F7-4732-BC54-043529B9F943}.Debug|Any CPU.Build.0 = Debug|Any CPU
		{E6EEA372-B2F7-4732-BC54-043529B9F943}.Release|Any CPU.ActiveCfg = Release|Any CPU
		{E6EEA372-B2F7-4732-BC54-043529B9F943}.Release|Any CPU.Build.0 = Release|Any CPU
		{F20DAE42-E45C-457A-BD1A-DDE055CFC882}.Debug|Any CPU.ActiveCfg = Debug|Any CPU
		{F20DAE42-E45C-457A-BD1A-DDE055CFC882}.Debug|Any CPU.Build.0 = Debug|Any CPU
		{F20DAE42-E45C-457A-BD1A-DDE055CFC882}.Release|Any CPU.ActiveCfg = Release|Any CPU
		{F20DAE42-E45C-457A-BD1A-DDE055CFC882}.Release|Any CPU.Build.0 = Release|Any CPU
		{27764433-AF88-4BF7-818C-F54332933987}.Debug|Any CPU.ActiveCfg = Debug|Any CPU
		{27764433-AF88-4BF7-818C-F54332933987}.Debug|Any CPU.Build.0 = Debug|Any CPU
		{27764433-AF88-4BF7-818C-F54332933987}.Release|Any CPU.ActiveCfg = Release|Any CPU
		{27764433-AF88-4BF7-818C-F54332933987}.Release|Any CPU.Build.0 = Release|Any CPU
		{641D43C2-75D9-41E5-B285-64FE28C162D9}.Debug|Any CPU.ActiveCfg = Debug|Any CPU
		{641D43C2-75D9-41E5-B285-64FE28C162D9}.Debug|Any CPU.Build.0 = Debug|Any CPU
		{641D43C2-75D9-41E5-B285-64FE28C162D9}.Release|Any CPU.ActiveCfg = Release|Any CPU
		{641D43C2-75D9-41E5-B285-64FE28C162D9}.Release|Any CPU.Build.0 = Release|Any CPU
		{2B57F06B-745A-4DE6-B812-CBEB95C4DB28}.Debug|Any CPU.ActiveCfg = Debug|Any CPU
		{2B57F06B-745A-4DE6-B812-CBEB95C4DB28}.Debug|Any CPU.Build.0 = Debug|Any CPU
		{2B57F06B-745A-4DE6-B812-CBEB95C4DB28}.Release|Any CPU.ActiveCfg = Release|Any CPU
		{2B57F06B-745A-4DE6-B812-CBEB95C4DB28}.Release|Any CPU.Build.0 = Release|Any CPU
		{5C619E07-CCF8-4CEC-BA00-393AD66740CA}.Debug|Any CPU.ActiveCfg = Debug|Any CPU
		{5C619E07-CCF8-4CEC-BA00-393AD66740CA}.Debug|Any CPU.Build.0 = Debug|Any CPU
		{5C619E07-CCF8-4CEC-BA00-393AD66740CA}.Release|Any CPU.ActiveCfg = Release|Any CPU
		{5C619E07-CCF8-4CEC-BA00-393AD66740CA}.Release|Any CPU.Build.0 = Release|Any CPU
		{6705CEED-665E-4381-8495-691ADF0EA3FB}.Debug|Any CPU.ActiveCfg = Debug|Any CPU
		{6705CEED-665E-4381-8495-691ADF0EA3FB}.Debug|Any CPU.Build.0 = Debug|Any CPU
		{6705CEED-665E-4381-8495-691ADF0EA3FB}.Release|Any CPU.ActiveCfg = Release|Any CPU
		{6705CEED-665E-4381-8495-691ADF0EA3FB}.Release|Any CPU.Build.0 = Release|Any CPU
		{E7BFE656-39AD-4CC2-B2A2-4861261E9EB4}.Debug|Any CPU.ActiveCfg = Debug|Any CPU
		{E7BFE656-39AD-4CC2-B2A2-4861261E9EB4}.Debug|Any CPU.Build.0 = Debug|Any CPU
		{E7BFE656-39AD-4CC2-B2A2-4861261E9EB4}.Release|Any CPU.ActiveCfg = Release|Any CPU
		{E7BFE656-39AD-4CC2-B2A2-4861261E9EB4}.Release|Any CPU.Build.0 = Release|Any CPU
		{FF2F9AB0-BDE6-4C3F-93F6-7B0390DAC2E1}.Debug|Any CPU.ActiveCfg = Debug|Any CPU
		{FF2F9AB0-BDE6-4C3F-93F6-7B0390DAC2E1}.Debug|Any CPU.Build.0 = Debug|Any CPU
		{FF2F9AB0-BDE6-4C3F-93F6-7B0390DAC2E1}.Release|Any CPU.ActiveCfg = Release|Any CPU
		{FF2F9AB0-BDE6-4C3F-93F6-7B0390DAC2E1}.Release|Any CPU.Build.0 = Release|Any CPU
		{B0006751-18A8-4597-9835-5068B659AB21}.Debug|Any CPU.ActiveCfg = Debug|Any CPU
		{B0006751-18A8-4597-9835-5068B659AB21}.Debug|Any CPU.Build.0 = Debug|Any CPU
		{B0006751-18A8-4597-9835-5068B659AB21}.Release|Any CPU.ActiveCfg = Release|Any CPU
		{B0006751-18A8-4597-9835-5068B659AB21}.Release|Any CPU.Build.0 = Release|Any CPU
		{CAF7EC25-41DC-4DDB-99EE-A202D5D7810D}.Debug|Any CPU.ActiveCfg = Debug|Any CPU
		{CAF7EC25-41DC-4DDB-99EE-A202D5D7810D}.Debug|Any CPU.Build.0 = Debug|Any CPU
		{CAF7EC25-41DC-4DDB-99EE-A202D5D7810D}.Release|Any CPU.ActiveCfg = Release|Any CPU
		{CAF7EC25-41DC-4DDB-99EE-A202D5D7810D}.Release|Any CPU.Build.0 = Release|Any CPU
		{11C7A132-5CC6-446A-98B6-8FB4A94D47FB}.Debug|Any CPU.ActiveCfg = Debug|Any CPU
		{11C7A132-5CC6-446A-98B6-8FB4A94D47FB}.Debug|Any CPU.Build.0 = Debug|Any CPU
		{11C7A132-5CC6-446A-98B6-8FB4A94D47FB}.Release|Any CPU.ActiveCfg = Release|Any CPU
		{11C7A132-5CC6-446A-98B6-8FB4A94D47FB}.Release|Any CPU.Build.0 = Release|Any CPU
		{471B5B16-AA7F-4D1C-AD29-17B64CFDEF62}.Debug|Any CPU.ActiveCfg = Debug|Any CPU
		{471B5B16-AA7F-4D1C-AD29-17B64CFDEF62}.Debug|Any CPU.Build.0 = Debug|Any CPU
		{471B5B16-AA7F-4D1C-AD29-17B64CFDEF62}.Release|Any CPU.ActiveCfg = Release|Any CPU
		{471B5B16-AA7F-4D1C-AD29-17B64CFDEF62}.Release|Any CPU.Build.0 = Release|Any CPU
		{10E4020E-1622-4EF8-AF31-5791C6D4AF50}.Debug|Any CPU.ActiveCfg = Debug|Any CPU
		{10E4020E-1622-4EF8-AF31-5791C6D4AF50}.Debug|Any CPU.Build.0 = Debug|Any CPU
		{10E4020E-1622-4EF8-AF31-5791C6D4AF50}.Release|Any CPU.ActiveCfg = Release|Any CPU
		{10E4020E-1622-4EF8-AF31-5791C6D4AF50}.Release|Any CPU.Build.0 = Release|Any CPU
		{E44BBE67-F451-41F2-9797-7A5AE31C3A72}.Debug|Any CPU.ActiveCfg = Debug|Any CPU
		{E44BBE67-F451-41F2-9797-7A5AE31C3A72}.Debug|Any CPU.Build.0 = Debug|Any CPU
		{E44BBE67-F451-41F2-9797-7A5AE31C3A72}.Release|Any CPU.ActiveCfg = Release|Any CPU
		{E44BBE67-F451-41F2-9797-7A5AE31C3A72}.Release|Any CPU.Build.0 = Release|Any CPU
		{80FF0375-5A44-4387-9162-ACDBFFB6E0BB}.Debug|Any CPU.ActiveCfg = Debug|Any CPU
		{80FF0375-5A44-4387-9162-ACDBFFB6E0BB}.Debug|Any CPU.Build.0 = Debug|Any CPU
		{80FF0375-5A44-4387-9162-ACDBFFB6E0BB}.Release|Any CPU.ActiveCfg = Release|Any CPU
		{80FF0375-5A44-4387-9162-ACDBFFB6E0BB}.Release|Any CPU.Build.0 = Release|Any CPU
		{A893797B-E15A-4590-89E2-D18852F02298}.Debug|Any CPU.ActiveCfg = Debug|Any CPU
		{A893797B-E15A-4590-89E2-D18852F02298}.Debug|Any CPU.Build.0 = Debug|Any CPU
		{A893797B-E15A-4590-89E2-D18852F02298}.Release|Any CPU.ActiveCfg = Release|Any CPU
		{A893797B-E15A-4590-89E2-D18852F02298}.Release|Any CPU.Build.0 = Release|Any CPU
		{727BC5F4-8C6E-40FB-BBFA-0F77D7E8A576}.Debug|Any CPU.ActiveCfg = Debug|Any CPU
		{727BC5F4-8C6E-40FB-BBFA-0F77D7E8A576}.Debug|Any CPU.Build.0 = Debug|Any CPU
		{727BC5F4-8C6E-40FB-BBFA-0F77D7E8A576}.Release|Any CPU.ActiveCfg = Release|Any CPU
		{727BC5F4-8C6E-40FB-BBFA-0F77D7E8A576}.Release|Any CPU.Build.0 = Release|Any CPU
		{D1A66BE7-5C8D-4F5C-8AA6-3C230347D867}.Debug|Any CPU.ActiveCfg = Debug|Any CPU
		{D1A66BE7-5C8D-4F5C-8AA6-3C230347D867}.Debug|Any CPU.Build.0 = Debug|Any CPU
		{D1A66BE7-5C8D-4F5C-8AA6-3C230347D867}.Release|Any CPU.ActiveCfg = Release|Any CPU
		{D1A66BE7-5C8D-4F5C-8AA6-3C230347D867}.Release|Any CPU.Build.0 = Release|Any CPU
		{D314CE98-B203-4579-89E0-18839A80354A}.Debug|Any CPU.ActiveCfg = Debug|Any CPU
		{D314CE98-B203-4579-89E0-18839A80354A}.Debug|Any CPU.Build.0 = Debug|Any CPU
		{D314CE98-B203-4579-89E0-18839A80354A}.Release|Any CPU.ActiveCfg = Release|Any CPU
		{D314CE98-B203-4579-89E0-18839A80354A}.Release|Any CPU.Build.0 = Release|Any CPU
		{0BF9D704-656C-4659-A3A6-269D2349CA1B}.Debug|Any CPU.ActiveCfg = Debug|Any CPU
		{0BF9D704-656C-4659-A3A6-269D2349CA1B}.Debug|Any CPU.Build.0 = Debug|Any CPU
		{0BF9D704-656C-4659-A3A6-269D2349CA1B}.Release|Any CPU.ActiveCfg = Release|Any CPU
		{0BF9D704-656C-4659-A3A6-269D2349CA1B}.Release|Any CPU.Build.0 = Release|Any CPU
		{9F25FE83-6A73-48B3-A279-0F7B878E03E5}.Debug|Any CPU.ActiveCfg = Debug|Any CPU
		{9F25FE83-6A73-48B3-A279-0F7B878E03E5}.Debug|Any CPU.Build.0 = Debug|Any CPU
		{9F25FE83-6A73-48B3-A279-0F7B878E03E5}.Release|Any CPU.ActiveCfg = Release|Any CPU
		{9F25FE83-6A73-48B3-A279-0F7B878E03E5}.Release|Any CPU.Build.0 = Release|Any CPU
		{375FF5C1-942A-4F86-82E5-94A8A4E0D94F}.Debug|Any CPU.ActiveCfg = Debug|Any CPU
		{375FF5C1-942A-4F86-82E5-94A8A4E0D94F}.Debug|Any CPU.Build.0 = Debug|Any CPU
		{375FF5C1-942A-4F86-82E5-94A8A4E0D94F}.Release|Any CPU.ActiveCfg = Release|Any CPU
		{375FF5C1-942A-4F86-82E5-94A8A4E0D94F}.Release|Any CPU.Build.0 = Release|Any CPU
	EndGlobalSection
	GlobalSection(SolutionProperties) = preSolution
		HideSolutionNode = FALSE
	EndGlobalSection
	GlobalSection(NestedProjects) = preSolution
		{EBD1D46C-9601-4413-8D15-6F5E358719CA} = {7DEA659A-5C30-4668-89BF-4B3B25F8BD61}
		{E6EEA372-B2F7-4732-BC54-043529B9F943} = {7DEA659A-5C30-4668-89BF-4B3B25F8BD61}
		{F20DAE42-E45C-457A-BD1A-DDE055CFC882} = {7DEA659A-5C30-4668-89BF-4B3B25F8BD61}
		{27764433-AF88-4BF7-818C-F54332933987} = {BDA454E5-FEC2-4904-9238-51D3C5884722}
		{641D43C2-75D9-41E5-B285-64FE28C162D9} = {BDA454E5-FEC2-4904-9238-51D3C5884722}
		{2B57F06B-745A-4DE6-B812-CBEB95C4DB28} = {BDA454E5-FEC2-4904-9238-51D3C5884722}
		{5C619E07-CCF8-4CEC-BA00-393AD66740CA} = {8642D3AB-3E86-4D62-B085-5BD95C71DAC5}
		{6705CEED-665E-4381-8495-691ADF0EA3FB} = {8642D3AB-3E86-4D62-B085-5BD95C71DAC5}
		{E7BFE656-39AD-4CC2-B2A2-4861261E9EB4} = {8642D3AB-3E86-4D62-B085-5BD95C71DAC5}
		{FF2F9AB0-BDE6-4C3F-93F6-7B0390DAC2E1} = {C5920F44-907A-4FD8-AE69-349968BCD61C}
		{B0006751-18A8-4597-9835-5068B659AB21} = {C5920F44-907A-4FD8-AE69-349968BCD61C}
		{CAF7EC25-41DC-4DDB-99EE-A202D5D7810D} = {C5920F44-907A-4FD8-AE69-349968BCD61C}
		{11C7A132-5CC6-446A-98B6-8FB4A94D47FB} = {6063239F-0768-491E-88A0-FE0021AE4A59}
		{471B5B16-AA7F-4D1C-AD29-17B64CFDEF62} = {6063239F-0768-491E-88A0-FE0021AE4A59}
		{10E4020E-1622-4EF8-AF31-5791C6D4AF50} = {6063239F-0768-491E-88A0-FE0021AE4A59}
		{E44BBE67-F451-41F2-9797-7A5AE31C3A72} = {00B0ECC1-DAD9-46B3-AB45-25A4020906B0}
		{80FF0375-5A44-4387-9162-ACDBFFB6E0BB} = {00B0ECC1-DAD9-46B3-AB45-25A4020906B0}
		{A893797B-E15A-4590-89E2-D18852F02298} = {00B0ECC1-DAD9-46B3-AB45-25A4020906B0}
		{727BC5F4-8C6E-40FB-BBFA-0F77D7E8A576} = {CA4F0577-BE56-4FA6-BBC7-B4F7840AD91C}
		{D1A66BE7-5C8D-4F5C-8AA6-3C230347D867} = {CA4F0577-BE56-4FA6-BBC7-B4F7840AD91C}
		{D314CE98-B203-4579-89E0-18839A80354A} = {CA4F0577-BE56-4FA6-BBC7-B4F7840AD91C}
		{0BF9D704-656C-4659-A3A6-269D2349CA1B} = {B0B2153E-E7E5-4336-A2D3-96CA0982B038}
		{9F25FE83-6A73-48B3-A279-0F7B878E03E5} = {B0B2153E-E7E5-4336-A2D3-96CA0982B038}
		{375FF5C1-942A-4F86-82E5-94A8A4E0D94F} = {B0B2153E-E7E5-4336-A2D3-96CA0982B038}
	EndGlobalSection
	GlobalSection(ExtensibilityGlobals) = postSolution
		SolutionGuid = {ADF47070-7558-4C9E-8D4D-4051CA4164B2}
	EndGlobalSection
EndGlobal
